Microsoft Visual Studio Solution File, Format Version 12.00
# Visual Studio Version 17
VisualStudioVersion = 17.2.32516.85
MinimumVisualStudioVersion = 10.0.40219.1
Project("{FAE04EC0-301F-11D3-BF4B-00C04F79EFBC}") = "ubasicConsole", "ubasicConsole\ubasicConsole.csproj", "{5B071C05-CEC0-439D-A581-78113AC31366}"
EndProject
Project("{2150E333-8FDC-42A3-9474-1A3956D46DE8}") = "ThirdParty", "ThirdParty", "{DB2F84D6-7991-42A4-AC8B-656E30F48A0F}"
EndProject
Project("{FAE04EC0-301F-11D3-BF4B-00C04F79EFBC}") = "Altair", "Altair\Altair.csproj", "{72098349-F135-4895-9D9A-1A52CF9E40EB}"
EndProject
Project("{FAE04EC0-301F-11D3-BF4B-00C04F79EFBC}") = "Dartmouth2", "Dartmouth2\Dartmouth2.csproj", "{236647DD-946D-4A1E-8014-33CDF11881C9}"
EndProject
Project("{FAE04EC0-301F-11D3-BF4B-00C04F79EFBC}") = "Dartmouth3", "Dartmouth3\Dartmouth3.csproj", "{CAB2AD0F-E2B2-4F13-9FB2-8F2439FEC0BC}"
EndProject
Project("{FAE04EC0-301F-11D3-BF4B-00C04F79EFBC}") = "Dartmouth4", "Dartmouth4\Dartmouth4.csproj", "{F1664F8C-C186-4E51-9386-6AE1448EBB37}"
EndProject
Project("{FAE04EC0-301F-11D3-BF4B-00C04F79EFBC}") = "Dartmouth5", "Dartmouth5\Dartmouth5.csproj", "{638920CC-87F3-49FE-8135-3FCBCBB5AEA9}"
EndProject
Project("{FAE04EC0-301F-11D3-BF4B-00C04F79EFBC}") = "ubasicLibrary", "ubasicLibrary\ubasicLibrary.csproj", "{33460A7A-630E-4782-80A0-5C9F69B2D372}"
EndProject
Project("{FAE04EC0-301F-11D3-BF4B-00C04F79EFBC}") = "uBasicWeb", "uBasicWeb\uBasicWeb.csproj", "{6F2850C3-4D78-45A6-9596-251B232FF12E}"
EndProject
Project("{FAE04EC0-301F-11D3-BF4B-00C04F79EFBC}") = "uBasicTest", "uBasicTest\uBasicTest.csproj", "{9ED78CB7-4927-4996-AD40-0E7649CAEB8D}"
EndProject
Project("{FAE04EC0-301F-11D3-BF4B-00C04F79EFBC}") = "uBasicForm", "uBasicForm\uBasicForm.csproj", "{BA9E6998-C44F-44DF-940D-F605BFC3D749}"
EndProject
Project("{FAE04EC0-301F-11D3-BF4B-00C04F79EFBC}") = "Basic", "Basic\Basic.csproj", "{90522D17-49A9-410B-9671-5066E5EA28B0}"
EndProject
Project("{2150E333-8FDC-42A3-9474-1A3956D46DE8}") = "Tracer", "Tracer", "{088569AB-2A6A-4E7B-87DE-D2FAC5EF92E1}"
EndProject
Project("{2150E333-8FDC-42A3-9474-1A3956D46DE8}") = "Net452", "Net452", "{98BD9EE1-DB4B-4099-B3F3-552C34EBF3AF}"
	ProjectSection(SolutionItems) = preProject
		ThirdParty\Tracer\net452\TraceLibrary.dll = ThirdParty\Tracer\net452\TraceLibrary.dll
		ThirdParty\Tracer\net452\TraceLibrary.pdb = ThirdParty\Tracer\net452\TraceLibrary.pdb
		ThirdParty\Tracer\net452\TracerLibrary.dll = ThirdParty\Tracer\net452\TracerLibrary.dll
		ThirdParty\Tracer\net452\TracerLibrary.pdb = ThirdParty\Tracer\net452\TracerLibrary.pdb
	EndProjectSection
EndProject
Project("{FAE04EC0-301F-11D3-BF4B-00C04F79EFBC}") = "MicroSoft", "MicroSoft\MicroSoft.csproj", "{B9AB22CE-7E51-4956-9A1F-3D9CF82AA9AD}"
EndProject
Project("{2150E333-8FDC-42A3-9474-1A3956D46DE8}") = "dotnetcoreapp3.1", "dotnetcoreapp3.1", "{52F6F7FB-B52E-468A-9C02-C6B0030E235A}"
	ProjectSection(SolutionItems) = preProject
		ThirdParty\Tracer\netcoreapp3.1\TracerLibrary.deps.json = ThirdParty\Tracer\netcoreapp3.1\TracerLibrary.deps.json
		ThirdParty\Tracer\netcoreapp3.1\TracerLibrary.dll = ThirdParty\Tracer\netcoreapp3.1\TracerLibrary.dll
		ThirdParty\Tracer\netcoreapp3.1\TracerLibrary.pdb = ThirdParty\Tracer\netcoreapp3.1\TracerLibrary.pdb
	EndProjectSection
EndProject
Global
	GlobalSection(SolutionConfigurationPlatforms) = preSolution
		Debug|Any CPU = Debug|Any CPU
		Release|Any CPU = Release|Any CPU
	EndGlobalSection
	GlobalSection(ProjectConfigurationPlatforms) = postSolution
		{5B071C05-CEC0-439D-A581-78113AC31366}.Debug|Any CPU.ActiveCfg = Debug|Any CPU
		{5B071C05-CEC0-439D-A581-78113AC31366}.Debug|Any CPU.Build.0 = Debug|Any CPU
		{5B071C05-CEC0-439D-A581-78113AC31366}.Release|Any CPU.ActiveCfg = Release|Any CPU
		{5B071C05-CEC0-439D-A581-78113AC31366}.Release|Any CPU.Build.0 = Release|Any CPU
		{72098349-F135-4895-9D9A-1A52CF9E40EB}.Debug|Any CPU.ActiveCfg = Debug|Any CPU
		{72098349-F135-4895-9D9A-1A52CF9E40EB}.Debug|Any CPU.Build.0 = Debug|Any CPU
		{72098349-F135-4895-9D9A-1A52CF9E40EB}.Release|Any CPU.ActiveCfg = Release|Any CPU
		{72098349-F135-4895-9D9A-1A52CF9E40EB}.Release|Any CPU.Build.0 = Release|Any CPU
		{236647DD-946D-4A1E-8014-33CDF11881C9}.Debug|Any CPU.ActiveCfg = Debug|Any CPU
		{236647DD-946D-4A1E-8014-33CDF11881C9}.Debug|Any CPU.Build.0 = Debug|Any CPU
		{236647DD-946D-4A1E-8014-33CDF11881C9}.Release|Any CPU.ActiveCfg = Release|Any CPU
		{236647DD-946D-4A1E-8014-33CDF11881C9}.Release|Any CPU.Build.0 = Release|Any CPU
		{CAB2AD0F-E2B2-4F13-9FB2-8F2439FEC0BC}.Debug|Any CPU.ActiveCfg = Debug|Any CPU
		{CAB2AD0F-E2B2-4F13-9FB2-8F2439FEC0BC}.Debug|Any CPU.Build.0 = Debug|Any CPU
		{CAB2AD0F-E2B2-4F13-9FB2-8F2439FEC0BC}.Release|Any CPU.ActiveCfg = Release|Any CPU
		{CAB2AD0F-E2B2-4F13-9FB2-8F2439FEC0BC}.Release|Any CPU.Build.0 = Release|Any CPU
		{F1664F8C-C186-4E51-9386-6AE1448EBB37}.Debug|Any CPU.ActiveCfg = Debug|Any CPU
		{F1664F8C-C186-4E51-9386-6AE1448EBB37}.Debug|Any CPU.Build.0 = Debug|Any CPU
		{F1664F8C-C186-4E51-9386-6AE1448EBB37}.Release|Any CPU.ActiveCfg = Release|Any CPU
		{F1664F8C-C186-4E51-9386-6AE1448EBB37}.Release|Any CPU.Build.0 = Release|Any CPU
		{638920CC-87F3-49FE-8135-3FCBCBB5AEA9}.Debug|Any CPU.ActiveCfg = Debug|Any CPU
		{638920CC-87F3-49FE-8135-3FCBCBB5AEA9}.Debug|Any CPU.Build.0 = Debug|Any CPU
		{638920CC-87F3-49FE-8135-3FCBCBB5AEA9}.Release|Any CPU.ActiveCfg = Release|Any CPU
		{638920CC-87F3-49FE-8135-3FCBCBB5AEA9}.Release|Any CPU.Build.0 = Release|Any CPU
		{33460A7A-630E-4782-80A0-5C9F69B2D372}.Debug|Any CPU.ActiveCfg = Debug|Any CPU
		{33460A7A-630E-4782-80A0-5C9F69B2D372}.Debug|Any CPU.Build.0 = Debug|Any CPU
		{33460A7A-630E-4782-80A0-5C9F69B2D372}.Release|Any CPU.ActiveCfg = Release|Any CPU
		{33460A7A-630E-4782-80A0-5C9F69B2D372}.Release|Any CPU.Build.0 = Release|Any CPU
		{6F2850C3-4D78-45A6-9596-251B232FF12E}.Debug|Any CPU.ActiveCfg = Debug|Any CPU
		{6F2850C3-4D78-45A6-9596-251B232FF12E}.Debug|Any CPU.Build.0 = Debug|Any CPU
		{6F2850C3-4D78-45A6-9596-251B232FF12E}.Release|Any CPU.ActiveCfg = Release|Any CPU
		{6F2850C3-4D78-45A6-9596-251B232FF12E}.Release|Any CPU.Build.0 = Release|Any CPU
		{9ED78CB7-4927-4996-AD40-0E7649CAEB8D}.Debug|Any CPU.ActiveCfg = Debug|Any CPU
		{9ED78CB7-4927-4996-AD40-0E7649CAEB8D}.Debug|Any CPU.Build.0 = Debug|Any CPU
		{9ED78CB7-4927-4996-AD40-0E7649CAEB8D}.Release|Any CPU.ActiveCfg = Release|Any CPU
		{9ED78CB7-4927-4996-AD40-0E7649CAEB8D}.Release|Any CPU.Build.0 = Release|Any CPU
		{BA9E6998-C44F-44DF-940D-F605BFC3D749}.Debug|Any CPU.ActiveCfg = Debug|Any CPU
		{BA9E6998-C44F-44DF-940D-F605BFC3D749}.Debug|Any CPU.Build.0 = Debug|Any CPU
		{BA9E6998-C44F-44DF-940D-F605BFC3D749}.Release|Any CPU.ActiveCfg = Release|Any CPU
		{BA9E6998-C44F-44DF-940D-F605BFC3D749}.Release|Any CPU.Build.0 = Release|Any CPU
		{90522D17-49A9-410B-9671-5066E5EA28B0}.Debug|Any CPU.ActiveCfg = Debug|Any CPU
		{90522D17-49A9-410B-9671-5066E5EA28B0}.Debug|Any CPU.Build.0 = Debug|Any CPU
		{90522D17-49A9-410B-9671-5066E5EA28B0}.Release|Any CPU.ActiveCfg = Release|Any CPU
		{90522D17-49A9-410B-9671-5066E5EA28B0}.Release|Any CPU.Build.0 = Release|Any CPU
		{B9AB22CE-7E51-4956-9A1F-3D9CF82AA9AD}.Debug|Any CPU.ActiveCfg = Debug|Any CPU
		{B9AB22CE-7E51-4956-9A1F-3D9CF82AA9AD}.Debug|Any CPU.Build.0 = Debug|Any CPU
		{B9AB22CE-7E51-4956-9A1F-3D9CF82AA9AD}.Release|Any CPU.ActiveCfg = Release|Any CPU
		{B9AB22CE-7E51-4956-9A1F-3D9CF82AA9AD}.Release|Any CPU.Build.0 = Release|Any CPU
	EndGlobalSection
	GlobalSection(SolutionProperties) = preSolution
		HideSolutionNode = FALSE
	EndGlobalSection
	GlobalSection(NestedProjects) = preSolution
		{088569AB-2A6A-4E7B-87DE-D2FAC5EF92E1} = {DB2F84D6-7991-42A4-AC8B-656E30F48A0F}
		{98BD9EE1-DB4B-4099-B3F3-552C34EBF3AF} = {088569AB-2A6A-4E7B-87DE-D2FAC5EF92E1}
		{52F6F7FB-B52E-468A-9C02-C6B0030E235A} = {088569AB-2A6A-4E7B-87DE-D2FAC5EF92E1}
	EndGlobalSection
	GlobalSection(ExtensibilityGlobals) = postSolution
		SolutionGuid = {0B2E2069-4D29-46D2-A417-4E4ADF178086}
	EndGlobalSection
EndGlobal
